%{"certifi": {:hex, :certifi, "0.4.0"},
  "earmark": {:hex, :earmark, "0.2.1"},
  "ex_doc": {:hex, :ex_doc, "0.11.3"},
  "hackney": {:hex, :hackney, "1.6.1"},
  "idna": {:hex, :idna, "1.2.0"},
  "metrics": {:hex, :metrics, "1.0.1"},
  "mimerl": {:hex, :mimerl, "1.0.2"},
  "poison": {:hex, :poison, "1.5.2"},
  "ssl_verify_fun": {:hex, :ssl_verify_fun, "1.1.0"}}
